
Microsoft Visual Studio Solution File, Format Version 12.00
# Visual Studio Version 17
VisualStudioVersion = 17.0.31912.275
MinimumVisualStudioVersion = 10.0.40219.1
Project("{9A19103F-16F7-4668-BE54-9A1E7A4F7556}") = "Enums", "Week3\Enums.csproj", "{0B1A8EEB-C1FC-4382-A994-0CEA5A65828E}"
EndProject
Project("{9A19103F-16F7-4668-BE54-9A1E7A4F7556}") = "Delegates", "Delegates\Delegates.csproj", "{BD299B44-2E35-46E4-A97B-22D6A373EDA1}"
EndProject
Project("{9A19103F-16F7-4668-BE54-9A1E7A4F7556}") = "Events", "Events\Events.csproj", "{356197FF-9DE7-4C86-837B-602C5EDE5DB0}"
EndProject
Project("{FAE04EC0-301F-11D3-BF4B-00C04F79EFBC}") = "Files", "Files\Files.csproj", "{F504C3AE-0F28-440F-BEE6-77397C5FFDD2}"
EndProject
Global
	GlobalSection(SolutionConfigurationPlatforms) = preSolution
		Debug|Any CPU = Debug|Any CPU
		Release|Any CPU = Release|Any CPU
	EndGlobalSection
	GlobalSection(ProjectConfigurationPlatforms) = postSolution
		{0B1A8EEB-C1FC-4382-A994-0CEA5A65828E}.Debug|Any CPU.ActiveCfg = Debug|Any CPU
		{0B1A8EEB-C1FC-4382-A994-0CEA5A65828E}.Debug|Any CPU.Build.0 = Debug|Any CPU
		{0B1A8EEB-C1FC-4382-A994-0CEA5A65828E}.Release|Any CPU.ActiveCfg = Release|Any CPU
		{0B1A8EEB-C1FC-4382-A994-0CEA5A65828E}.Release|Any CPU.Build.0 = Release|Any CPU
		{BD299B44-2E35-46E4-A97B-22D6A373EDA1}.Debug|Any CPU.ActiveCfg = Debug|Any CPU
		{BD299B44-2E35-46E4-A97B-22D6A373EDA1}.Debug|Any CPU.Build.0 = Debug|Any CPU
		{BD299B44-2E35-46E4-A97B-22D6A373EDA1}.Release|Any CPU.ActiveCfg = Release|Any CPU
		{BD299B44-2E35-46E4-A97B-22D6A373EDA1}.Release|Any CPU.Build.0 = Release|Any CPU
		{356197FF-9DE7-4C86-837B-602C5EDE5DB0}.Debug|Any CPU.ActiveCfg = Debug|Any CPU
		{356197FF-9DE7-4C86-837B-602C5EDE5DB0}.Debug|Any CPU.Build.0 = Debug|Any CPU
		{356197FF-9DE7-4C86-837B-602C5EDE5DB0}.Release|Any CPU.ActiveCfg = Release|Any CPU
		{356197FF-9DE7-4C86-837B-602C5EDE5DB0}.Release|Any CPU.Build.0 = Release|Any CPU
		{F504C3AE-0F28-440F-BEE6-77397C5FFDD2}.Debug|Any CPU.ActiveCfg = Debug|Any CPU
		{F504C3AE-0F28-440F-BEE6-77397C5FFDD2}.Debug|Any CPU.Build.0 = Debug|Any CPU
		{F504C3AE-0F28-440F-BEE6-77397C5FFDD2}.Release|Any CPU.ActiveCfg = Release|Any CPU
		{F504C3AE-0F28-440F-BEE6-77397C5FFDD2}.Release|Any CPU.Build.0 = Release|Any CPU
	EndGlobalSection
	GlobalSection(SolutionProperties) = preSolution
		HideSolutionNode = FALSE
	EndGlobalSection
	GlobalSection(ExtensibilityGlobals) = postSolution
		SolutionGuid = {2D741A46-E41A-4EF4-A7F9-782A4714C933}
	EndGlobalSection
EndGlobal
